
Microsoft Visual Studio Solution File, Format Version 11.00
# Visual Studio 2010
Project("{FAE04EC0-301F-11D3-BF4B-00C04F79EFBC}") = "TP AdresseIP", "Exo01\TP AdresseIP.csproj", "{D071577A-E73F-44A6-8487-3B0FBA4F1DE5}"
EndProject
Global
	GlobalSection(SolutionConfigurationPlatforms) = preSolution
		Debug|x86 = Debug|x86
		Release|x86 = Release|x86
	EndGlobalSection
	GlobalSection(ProjectConfigurationPlatforms) = postSolution
		{D071577A-E73F-44A6-8487-3B0FBA4F1DE5}.Debug|x86.ActiveCfg = Debug|x86
		{D071577A-E73F-44A6-8487-3B0FBA4F1DE5}.Debug|x86.Build.0 = Debug|x86
		{D071577A-E73F-44A6-8487-3B0FBA4F1DE5}.Release|x86.ActiveCfg = Release|x86
		{D071577A-E73F-44A6-8487-3B0FBA4F1DE5}.Release|x86.Build.0 = Release|x86
	EndGlobalSection
	GlobalSection(SolutionProperties) = preSolution
		HideSolutionNode = FALSE
	EndGlobalSection
EndGlobal
