
Microsoft Visual Studio Solution File, Format Version 12.00
# Visual Studio 15
VisualStudioVersion = 15.0.28307.421
MinimumVisualStudioVersion = 10.0.40219.1
Project("{FAE04EC0-301F-11D3-BF4B-00C04F79EFBC}") = "MaPremiereFenetre", "MaPremiereFenetre\MaPremiereFenetre.csproj", "{69F8FD87-474E-4E23-87E2-A288213459F0}"
EndProject
Global
	GlobalSection(SolutionConfigurationPlatforms) = preSolution
		Debug|Any CPU = Debug|Any CPU
		Release|Any CPU = Release|Any CPU
	EndGlobalSection
	GlobalSection(ProjectConfigurationPlatforms) = postSolution
		{69F8FD87-474E-4E23-87E2-A288213459F0}.Debug|Any CPU.ActiveCfg = Debug|Any CPU
		{69F8FD87-474E-4E23-87E2-A288213459F0}.Debug|Any CPU.Build.0 = Debug|Any CPU
		{69F8FD87-474E-4E23-87E2-A288213459F0}.Release|Any CPU.ActiveCfg = Release|Any CPU
		{69F8FD87-474E-4E23-87E2-A288213459F0}.Release|Any CPU.Build.0 = Release|Any CPU
	EndGlobalSection
	GlobalSection(SolutionProperties) = preSolution
		HideSolutionNode = FALSE
	EndGlobalSection
	GlobalSection(ExtensibilityGlobals) = postSolution
		SolutionGuid = {9EAC88D6-0C2E-4EA5-B65D-9A89533E29C8}
	EndGlobalSection
EndGlobal
